
Microsoft Visual Studio Solution File, Format Version 12.00
# Visual Studio Version 16
VisualStudioVersion = 16.0.30621.155
MinimumVisualStudioVersion = 10.0.40219.1
Project("{FAE04EC0-301F-11D3-BF4B-00C04F79EFBC}") = "ComCorpAssessment", "ComCorpAssessment.csproj", "{9C5669D4-0601-40EF-B982-FE537B6B8F0C}"
EndProject
Global
	GlobalSection(SolutionConfigurationPlatforms) = preSolution
		Debug|Any CPU = Debug|Any CPU
		Release|Any CPU = Release|Any CPU
	EndGlobalSection
	GlobalSection(ProjectConfigurationPlatforms) = postSolution
		{9C5669D4-0601-40EF-B982-FE537B6B8F0C}.Debug|Any CPU.ActiveCfg = Debug|Any CPU
		{9C5669D4-0601-40EF-B982-FE537B6B8F0C}.Debug|Any CPU.Build.0 = Debug|Any CPU
		{9C5669D4-0601-40EF-B982-FE537B6B8F0C}.Release|Any CPU.ActiveCfg = Release|Any CPU
		{9C5669D4-0601-40EF-B982-FE537B6B8F0C}.Release|Any CPU.Build.0 = Release|Any CPU
	EndGlobalSection
	GlobalSection(SolutionProperties) = preSolution
		HideSolutionNode = FALSE
	EndGlobalSection
	GlobalSection(ExtensibilityGlobals) = postSolution
		SolutionGuid = {FF7479BB-6C01-43CF-8744-130DC5880D76}
	EndGlobalSection
EndGlobal
